
Microsoft Visual Studio Solution File, Format Version 12.00
# Visual Studio Version 16
VisualStudioVersion = 16.0.31410.357
MinimumVisualStudioVersion = 10.0.40219.1
Project("{FAE04EC0-301F-11D3-BF4B-00C04F79EFBC}") = "ProjetoExemplo", "ProjetoExemplo.csproj", "{9316CD81-852E-4D27-9048-935A5899105C}"
EndProject
Global
	GlobalSection(SolutionConfigurationPlatforms) = preSolution
		Debug|Any CPU = Debug|Any CPU
		Release|Any CPU = Release|Any CPU
	EndGlobalSection
	GlobalSection(ProjectConfigurationPlatforms) = postSolution
		{9316CD81-852E-4D27-9048-935A5899105C}.Debug|Any CPU.ActiveCfg = Debug|Any CPU
		{9316CD81-852E-4D27-9048-935A5899105C}.Debug|Any CPU.Build.0 = Debug|Any CPU
		{9316CD81-852E-4D27-9048-935A5899105C}.Release|Any CPU.ActiveCfg = Release|Any CPU
		{9316CD81-852E-4D27-9048-935A5899105C}.Release|Any CPU.Build.0 = Release|Any CPU
	EndGlobalSection
	GlobalSection(SolutionProperties) = preSolution
		HideSolutionNode = FALSE
	EndGlobalSection
	GlobalSection(ExtensibilityGlobals) = postSolution
		SolutionGuid = {4AA82F7B-7A3B-4249-B658-53AD6AB163A2}
	EndGlobalSection
EndGlobal
